
Microsoft Visual Studio Solution File, Format Version 12.00
# Visual Studio Version 17
VisualStudioVersion = 17.0.31612.314
MinimumVisualStudioVersion = 10.0.40219.1
Project("{8BC9CEB8-8B4A-11D0-8D11-00A0C91BC942}") = "8 - Camera and keyboard", "8 - Camera and keyboard\8 - Camera and keyboard.vcxproj", "{8DF3F0EE-E51A-48E1-92AC-CA031FBF643B}"
EndProject
Global
	GlobalSection(SolutionConfigurationPlatforms) = preSolution
		Debug|x64 = Debug|x64
		Debug|x86 = Debug|x86
		Release|x64 = Release|x64
		Release|x86 = Release|x86
	EndGlobalSection
	GlobalSection(ProjectConfigurationPlatforms) = postSolution
		{8DF3F0EE-E51A-48E1-92AC-CA031FBF643B}.Debug|x64.ActiveCfg = Debug|x64
		{8DF3F0EE-E51A-48E1-92AC-CA031FBF643B}.Debug|x64.Build.0 = Debug|x64
		{8DF3F0EE-E51A-48E1-92AC-CA031FBF643B}.Debug|x86.ActiveCfg = Debug|Win32
		{8DF3F0EE-E51A-48E1-92AC-CA031FBF643B}.Debug|x86.Build.0 = Debug|Win32
		{8DF3F0EE-E51A-48E1-92AC-CA031FBF643B}.Release|x64.ActiveCfg = Release|x64
		{8DF3F0EE-E51A-48E1-92AC-CA031FBF643B}.Release|x64.Build.0 = Release|x64
		{8DF3F0EE-E51A-48E1-92AC-CA031FBF643B}.Release|x86.ActiveCfg = Release|Win32
		{8DF3F0EE-E51A-48E1-92AC-CA031FBF643B}.Release|x86.Build.0 = Release|Win32
	EndGlobalSection
	GlobalSection(SolutionProperties) = preSolution
		HideSolutionNode = FALSE
	EndGlobalSection
	GlobalSection(ExtensibilityGlobals) = postSolution
		SolutionGuid = {EAA435C1-AAF0-4261-815F-B7C005DDCBD7}
	EndGlobalSection
EndGlobal
