
Microsoft Visual Studio Solution File, Format Version 12.00
# Visual Studio Version 16
VisualStudioVersion = 16.0.31424.327
MinimumVisualStudioVersion = 10.0.40219.1
Project("{8BC9CEB8-8B4A-11D0-8D11-00A0C91BC942}") = "Homework 4", "Homework 4\Homework 4.vcxproj", "{5B1FC15F-C129-4749-B1E0-E29355DE03CB}"
EndProject
Global
	GlobalSection(SolutionConfigurationPlatforms) = preSolution
		Debug|x64 = Debug|x64
		Debug|x86 = Debug|x86
		Release|x64 = Release|x64
		Release|x86 = Release|x86
	EndGlobalSection
	GlobalSection(ProjectConfigurationPlatforms) = postSolution
		{5B1FC15F-C129-4749-B1E0-E29355DE03CB}.Debug|x64.ActiveCfg = Debug|x64
		{5B1FC15F-C129-4749-B1E0-E29355DE03CB}.Debug|x64.Build.0 = Debug|x64
		{5B1FC15F-C129-4749-B1E0-E29355DE03CB}.Debug|x86.ActiveCfg = Debug|Win32
		{5B1FC15F-C129-4749-B1E0-E29355DE03CB}.Debug|x86.Build.0 = Debug|Win32
		{5B1FC15F-C129-4749-B1E0-E29355DE03CB}.Release|x64.ActiveCfg = Release|x64
		{5B1FC15F-C129-4749-B1E0-E29355DE03CB}.Release|x64.Build.0 = Release|x64
		{5B1FC15F-C129-4749-B1E0-E29355DE03CB}.Release|x86.ActiveCfg = Release|Win32
		{5B1FC15F-C129-4749-B1E0-E29355DE03CB}.Release|x86.Build.0 = Release|Win32
	EndGlobalSection
	GlobalSection(SolutionProperties) = preSolution
		HideSolutionNode = FALSE
	EndGlobalSection
	GlobalSection(ExtensibilityGlobals) = postSolution
		SolutionGuid = {75AE15DB-E1EF-407D-9CFD-FBF4701DB476}
	EndGlobalSection
EndGlobal
